
Microsoft Visual Studio Solution File, Format Version 12.00
# Visual Studio 15
VisualStudioVersion = 15.0.28307.489
MinimumVisualStudioVersion = 10.0.40219.1
Project("{FAE04EC0-301F-11D3-BF4B-00C04F79EFBC}") = "API", "API\API.csproj", "{ECD0E23A-99DD-4DA9-9204-507B063952CE}"
EndProject
Project("{FAE04EC0-301F-11D3-BF4B-00C04F79EFBC}") = "WebApp", "WebApp\WebApp.csproj", "{3EA677EA-A7AF-4E95-ADB2-84009D0D1CD3}"
EndProject
Project("{FAE04EC0-301F-11D3-BF4B-00C04F79EFBC}") = "Models", "Models\Models.csproj", "{618D9401-DDBD-4782-9CD0-115FCA8EC3BF}"
EndProject
Global
	GlobalSection(SolutionConfigurationPlatforms) = preSolution
		Debug|Any CPU = Debug|Any CPU
		Release|Any CPU = Release|Any CPU
	EndGlobalSection
	GlobalSection(ProjectConfigurationPlatforms) = postSolution
		{ECD0E23A-99DD-4DA9-9204-507B063952CE}.Debug|Any CPU.ActiveCfg = Debug|Any CPU
		{ECD0E23A-99DD-4DA9-9204-507B063952CE}.Debug|Any CPU.Build.0 = Debug|Any CPU
		{ECD0E23A-99DD-4DA9-9204-507B063952CE}.Release|Any CPU.ActiveCfg = Release|Any CPU
		{ECD0E23A-99DD-4DA9-9204-507B063952CE}.Release|Any CPU.Build.0 = Release|Any CPU
		{3EA677EA-A7AF-4E95-ADB2-84009D0D1CD3}.Debug|Any CPU.ActiveCfg = Debug|Any CPU
		{3EA677EA-A7AF-4E95-ADB2-84009D0D1CD3}.Debug|Any CPU.Build.0 = Debug|Any CPU
		{3EA677EA-A7AF-4E95-ADB2-84009D0D1CD3}.Release|Any CPU.ActiveCfg = Release|Any CPU
		{3EA677EA-A7AF-4E95-ADB2-84009D0D1CD3}.Release|Any CPU.Build.0 = Release|Any CPU
		{618D9401-DDBD-4782-9CD0-115FCA8EC3BF}.Debug|Any CPU.ActiveCfg = Debug|Any CPU
		{618D9401-DDBD-4782-9CD0-115FCA8EC3BF}.Debug|Any CPU.Build.0 = Debug|Any CPU
		{618D9401-DDBD-4782-9CD0-115FCA8EC3BF}.Release|Any CPU.ActiveCfg = Release|Any CPU
		{618D9401-DDBD-4782-9CD0-115FCA8EC3BF}.Release|Any CPU.Build.0 = Release|Any CPU
	EndGlobalSection
	GlobalSection(SolutionProperties) = preSolution
		HideSolutionNode = FALSE
	EndGlobalSection
	GlobalSection(ExtensibilityGlobals) = postSolution
		SolutionGuid = {2B088B89-73FF-4367-B137-B7CF46203F50}
	EndGlobalSection
EndGlobal
